{
  "name": "patchinko-typing",
  "version": "1.0.0",
  "lockfileVersion": 1,
  "requires": true,
  "dependencies": {
    "patchinko": {
      "version": "4.2.0",
      "resolved": "https://registry.npmjs.org/patchinko/-/patchinko-4.2.0.tgz",
      "integrity": "sha512-RhLc3nTxF0h8PvgZWomjE8mFC0aYqZSRIoTNPETrSU2caqzkB/4/pb8TbwSoHuf0oNzjX7x2GC9Wg1dQx0R6Dg=="
    },
    "typescript": {
      "version": "3.5.3",
      "resolved": "https://registry.npmjs.org/typescript/-/typescript-3.5.3.tgz",
      "integrity": "sha512-ACzBtm/PhXBDId6a6sDJfroT2pOWt/oOnk4/dElG5G33ZL776N3Y6/6bKZJBFpd+b05F3Ct9qDjMeJmRWtE2/g=="
    }
  }
}
